// !$*UTF8*$!
{
	archiveVersion = 1;
	classes = {
	};
	objectVersion = 46;
	objects = {

/* Begin PBXBuildFile section */
		8101B9941E141A9A006B787C /* AwesomeMenu.m in Sources */ = {isa = PBXBuildFile; fileRef = 8101B9911E141A9A006B787C /* AwesomeMenu.m */; };
		8101B9951E141A9A006B787C /* AwesomeMenuItem.m in Sources */ = {isa = PBXBuildFile; fileRef = 8101B9931E141A9A006B787C /* AwesomeMenuItem.m */; };
		810213B51E1A35C600AAE079 /* db.sql in Resources */ = {isa = PBXBuildFile; fileRef = 810213B41E1A35C600AAE079 /* db.sql */; };
		810213BC1E1A4BEE00AAE079 /* MTCollectViewController.m in Sources */ = {isa = PBXBuildFile; fileRef = 810213BB1E1A4BEE00AAE079 /* MTCollectViewController.m */; };
		810611621E16B41C00B3D3E4 /* MTDetailNavView.m in Sources */ = {isa = PBXBuildFile; fileRef = 810611611E16B41C00B3D3E4 /* MTDetailNavView.m */; };
		810611651E16B87D00B3D3E4 /* MTDetailCenterView.m in Sources */ = {isa = PBXBuildFile; fileRef = 810611641E16B87D00B3D3E4 /* MTDetailCenterView.m */; };
		810611681E16BEC600B3D3E4 /* MTDetailBottomView.m in Sources */ = {isa = PBXBuildFile; fileRef = 810611671E16BEC600B3D3E4 /* MTDetailBottomView.m */; };
		8108C9501E18D46900136675 /* MTRestrictionsModel.m in Sources */ = {isa = PBXBuildFile; fileRef = 8108C94F1E18D46900136675 /* MTRestrictionsModel.m */; };
		8108C9571E18EA6F00136675 /* MTSearchViewController.m in Sources */ = {isa = PBXBuildFile; fileRef = 8108C9561E18EA6F00136675 /* MTSearchViewController.m */; };
		8108C95A1E18F70700136675 /* MTBaseViewController.m in Sources */ = {isa = PBXBuildFile; fileRef = 8108C9591E18F70700136675 /* MTBaseViewController.m */; };
		8108C95D1E1920DE00136675 /* MTDealTools.m in Sources */ = {isa = PBXBuildFile; fileRef = 8108C95C1E1920DE00136675 /* MTDealTools.m */; };
		81193D5D1E0FA1F900612134 /* DPAPI.m in Sources */ = {isa = PBXBuildFile; fileRef = 81193D591E0FA1F900612134 /* DPAPI.m */; };
		81193D5E1E0FA1F900612134 /* DPRequest.m in Sources */ = {isa = PBXBuildFile; fileRef = 81193D5C1E0FA1F900612134 /* DPRequest.m */; };
		81193D611E0FA51900612134 /* MTDealModel.m in Sources */ = {isa = PBXBuildFile; fileRef = 81193D601E0FA51900612134 /* MTDealModel.m */; };
		814097B91E0A9BC9000FF54C /* MTCityModel.m in Sources */ = {isa = PBXBuildFile; fileRef = 814097B81E0A9BC9000FF54C /* MTCityModel.m */; };
		814097BC1E0AA94D000FF54C /* HMConst.m in Sources */ = {isa = PBXBuildFile; fileRef = 814097BB1E0AA94D000FF54C /* HMConst.m */; };
		814097BF1E0BB25E000FF54C /* MTDistrictModel.m in Sources */ = {isa = PBXBuildFile; fileRef = 814097BE1E0BB25E000FF54C /* MTDistrictModel.m */; };
		814097C21E0BCDF6000FF54C /* MTDropDownLeftCell.m in Sources */ = {isa = PBXBuildFile; fileRef = 814097C11E0BCDF6000FF54C /* MTDropDownLeftCell.m */; };
		814097C51E0BD0E1000FF54C /* MTDropDownRightCell.m in Sources */ = {isa = PBXBuildFile; fileRef = 814097C41E0BD0E1000FF54C /* MTDropDownRightCell.m */; };
		814097C81E0BFE0E000FF54C /* MTSortViewController.m in Sources */ = {isa = PBXBuildFile; fileRef = 814097C71E0BFE0E000FF54C /* MTSortViewController.m */; };
		814097CB1E0BFF47000FF54C /* MTSortModel.m in Sources */ = {isa = PBXBuildFile; fileRef = 814097CA1E0BFF47000FF54C /* MTSortModel.m */; };
		814AB5DB1E051CCC00BF863F /* main.m in Sources */ = {isa = PBXBuildFile; fileRef = 814AB5DA1E051CCC00BF863F /* main.m */; };
		814AB5E61E051CCC00BF863F /* Assets.xcassets in Resources */ = {isa = PBXBuildFile; fileRef = 814AB5E51E051CCC00BF863F /* Assets.xcassets */; };
		814AB5FD1E051F9800BF863F /* MTHomeViewController.m in Sources */ = {isa = PBXBuildFile; fileRef = 814AB5FC1E051F9800BF863F /* MTHomeViewController.m */; };
		81593CE21E08655700E84987 /* MTHomeNavView.m in Sources */ = {isa = PBXBuildFile; fileRef = 81593CE11E08655700E84987 /* MTHomeNavView.m */; };
		81593CE51E08705700E84987 /* UIImage+MTCategory.m in Sources */ = {isa = PBXBuildFile; fileRef = 81593CE41E08705700E84987 /* UIImage+MTCategory.m */; };
		81B5033B1E098324008B03CF /* MTCitySearchResultViewController.m in Sources */ = {isa = PBXBuildFile; fileRef = 81B5033A1E098324008B03CF /* MTCitySearchResultViewController.m */; };
		81B848081E08572100F9CA40 /* AppDelegate.m in Sources */ = {isa = PBXBuildFile; fileRef = 814AB5DD1E051CCC00BF863F /* AppDelegate.m */; };
		81B8480C1E085D4C00F9CA40 /* MTNavigationController.m in Sources */ = {isa = PBXBuildFile; fileRef = 81B8480B1E085D4C00F9CA40 /* MTNavigationController.m */; };
		81B8480F1E08604700F9CA40 /* UIBarButtonItem+MTCategory.m in Sources */ = {isa = PBXBuildFile; fileRef = 81B8480E1E08604700F9CA40 /* UIBarButtonItem+MTCategory.m */; };
		81B848121E0862CF00F9CA40 /* UIView+HMCategory.m in Sources */ = {isa = PBXBuildFile; fileRef = 81B848111E0862CF00F9CA40 /* UIView+HMCategory.m */; };
		81E8A9421E11421C00099A99 /* MTCenterLineLabel.m in Sources */ = {isa = PBXBuildFile; fileRef = 81E8A9411E11421C00099A99 /* MTCenterLineLabel.m */; };
		81EF3E231E153C4E00D53296 /* MTDetailViewController.m in Sources */ = {isa = PBXBuildFile; fileRef = 81EF3E221E153C4E00D53296 /* MTDetailViewController.m */; };
		81FCDD551E0D131400DBED73 /* MTDealCell.m in Sources */ = {isa = PBXBuildFile; fileRef = 81FCDD541E0D131400DBED73 /* MTDealCell.m */; };
		81FE96291E08DE480002258A /* MTCategoryViewController.m in Sources */ = {isa = PBXBuildFile; fileRef = 81FE96281E08DE480002258A /* MTCategoryViewController.m */; };
		81FE962C1E08DFC70002258A /* MTDropDownView.m in Sources */ = {isa = PBXBuildFile; fileRef = 81FE962B1E08DFC70002258A /* MTDropDownView.m */; };
		81FE96321E08F06A0002258A /* categories.plist in Resources */ = {isa = PBXBuildFile; fileRef = 81FE962E1E08F06A0002258A /* categories.plist */; };
		81FE96331E08F06A0002258A /* cities.plist in Resources */ = {isa = PBXBuildFile; fileRef = 81FE962F1E08F06A0002258A /* cities.plist */; };
		81FE96341E08F06A0002258A /* cityGroups.plist in Resources */ = {isa = PBXBuildFile; fileRef = 81FE96301E08F06A0002258A /* cityGroups.plist */; };
		81FE96351E08F06A0002258A /* sorts.plist in Resources */ = {isa = PBXBuildFile; fileRef = 81FE96311E08F06A0002258A /* sorts.plist */; };
		81FE96381E08F1490002258A /* MTCategoryModel.m in Sources */ = {isa = PBXBuildFile; fileRef = 81FE96371E08F1490002258A /* MTCategoryModel.m */; };
		81FE963B1E091C620002258A /* MTDistrictViewController.m in Sources */ = {isa = PBXBuildFile; fileRef = 81FE963A1E091C620002258A /* MTDistrictViewController.m */; };
		81FE963E1E0923180002258A /* MTCityViewController.m in Sources */ = {isa = PBXBuildFile; fileRef = 81FE963D1E0923180002258A /* MTCityViewController.m */; };
		81FE96411E094D2F0002258A /* MTCityGroupModel.m in Sources */ = {isa = PBXBuildFile; fileRef = 81FE96401E094D2F0002258A /* MTCityGroupModel.m */; };
		81FE96431E0950650002258A /* Foundation+Log.m in Sources */ = {isa = PBXBuildFile; fileRef = 81FE96421E0950650002258A /* Foundation+Log.m */; };
		A64EA7C0AE94EA33F5B28F63 /* libPods-MeiTuanHD.a in Frameworks */ = {isa = PBXBuildFile; fileRef = A430A651A51F9281FB24E44B /* libPods-MeiTuanHD.a */; };
/* End PBXBuildFile section */

/* Begin PBXFileReference section */
		232BB47BEE379D28E434F1D1 /* Pods-MeiTuanHD.release.xcconfig */ = {isa = PBXFileReference; includeInIndex = 1; lastKnownFileType = text.xcconfig; name = "Pods-MeiTuanHD.release.xcconfig"; path = "Pods/Target Support Files/Pods-MeiTuanHD/Pods-MeiTuanHD.release.xcconfig"; sourceTree = "<group>"; };
		36EBD786ED5543620D95FDA2 /* Pods-MeiTuanHD.debug.xcconfig */ = {isa = PBXFileReference; includeInIndex = 1; lastKnownFileType = text.xcconfig; name = "Pods-MeiTuanHD.debug.xcconfig"; path = "Pods/Target Support Files/Pods-MeiTuanHD/Pods-MeiTuanHD.debug.xcconfig"; sourceTree = "<group>"; };
		8101B9901E141A9A006B787C /* AwesomeMenu.h */ = {isa = PBXFileReference; fileEncoding = 4; lastKnownFileType = sourcecode.c.h; path = AwesomeMenu.h; sourceTree = "<group>"; };
		8101B9911E141A9A006B787C /* AwesomeMenu.m */ = {isa = PBXFileReference; fileEncoding = 4; lastKnownFileType = sourcecode.c.objc; path = AwesomeMenu.m; sourceTree = "<group>"; };
		8101B9921E141A9A006B787C /* AwesomeMenuItem.h */ = {isa = PBXFileReference; fileEncoding = 4; lastKnownFileType = sourcecode.c.h; path = AwesomeMenuItem.h; sourceTree = "<group>"; };
		8101B9931E141A9A006B787C /* AwesomeMenuItem.m */ = {isa = PBXFileReference; fileEncoding = 4; lastKnownFileType = sourcecode.c.objc; path = AwesomeMenuItem.m; sourceTree = "<group>"; };
		810213B41E1A35C600AAE079 /* db.sql */ = {isa = PBXFileReference; fileEncoding = 4; lastKnownFileType = text; path = db.sql; sourceTree = "<group>"; };
		810213BA1E1A4BEE00AAE079 /* MTCollectViewController.h */ = {isa = PBXFileReference; fileEncoding = 4; lastKnownFileType = sourcecode.c.h; path = MTCollectViewController.h; sourceTree = "<group>"; };
		810213BB1E1A4BEE00AAE079 /* MTCollectViewController.m */ = {isa = PBXFileReference; fileEncoding = 4; lastKnownFileType = sourcecode.c.objc; path = MTCollectViewController.m; sourceTree = "<group>"; };
		810611601E16B41C00B3D3E4 /* MTDetailNavView.h */ = {isa = PBXFileReference; fileEncoding = 4; lastKnownFileType = sourcecode.c.h; path = MTDetailNavView.h; sourceTree = "<group>"; };
		810611611E16B41C00B3D3E4 /* MTDetailNavView.m */ = {isa = PBXFileReference; fileEncoding = 4; lastKnownFileType = sourcecode.c.objc; path = MTDetailNavView.m; sourceTree = "<group>"; };
		810611631E16B87D00B3D3E4 /* MTDetailCenterView.h */ = {isa = PBXFileReference; fileEncoding = 4; lastKnownFileType = sourcecode.c.h; path = MTDetailCenterView.h; sourceTree = "<group>"; };
		810611641E16B87D00B3D3E4 /* MTDetailCenterView.m */ = {isa = PBXFileReference; fileEncoding = 4; lastKnownFileType = sourcecode.c.objc; path = MTDetailCenterView.m; sourceTree = "<group>"; };
		810611661E16BEC600B3D3E4 /* MTDetailBottomView.h */ = {isa = PBXFileReference; fileEncoding = 4; lastKnownFileType = sourcecode.c.h; path = MTDetailBottomView.h; sourceTree = "<group>"; };
		810611671E16BEC600B3D3E4 /* MTDetailBottomView.m */ = {isa = PBXFileReference; fileEncoding = 4; lastKnownFileType = sourcecode.c.objc; path = MTDetailBottomView.m; sourceTree = "<group>"; };
		8108C94E1E18D46900136675 /* MTRestrictionsModel.h */ = {isa = PBXFileReference; fileEncoding = 4; lastKnownFileType = sourcecode.c.h; path = MTRestrictionsModel.h; sourceTree = "<group>"; };
		8108C94F1E18D46900136675 /* MTRestrictionsModel.m */ = {isa = PBXFileReference; fileEncoding = 4; lastKnownFileType = sourcecode.c.objc; path = MTRestrictionsModel.m; sourceTree = "<group>"; };
		8108C9551E18EA6F00136675 /* MTSearchViewController.h */ = {isa = PBXFileReference; fileEncoding = 4; lastKnownFileType = sourcecode.c.h; path = MTSearchViewController.h; sourceTree = "<group>"; };
		8108C9561E18EA6F00136675 /* MTSearchViewController.m */ = {isa = PBXFileReference; fileEncoding = 4; lastKnownFileType = sourcecode.c.objc; path = MTSearchViewController.m; sourceTree = "<group>"; };
		8108C9581E18F70700136675 /* MTBaseViewController.h */ = {isa = PBXFileReference; fileEncoding = 4; lastKnownFileType = sourcecode.c.h; path = MTBaseViewController.h; sourceTree = "<group>"; };
		8108C9591E18F70700136675 /* MTBaseViewController.m */ = {isa = PBXFileReference; fileEncoding = 4; lastKnownFileType = sourcecode.c.objc; path = MTBaseViewController.m; sourceTree = "<group>"; };
		8108C95B1E1920DE00136675 /* MTDealTools.h */ = {isa = PBXFileReference; fileEncoding = 4; lastKnownFileType = sourcecode.c.h; path = MTDealTools.h; sourceTree = "<group>"; };
		8108C95C1E1920DE00136675 /* MTDealTools.m */ = {isa = PBXFileReference; fileEncoding = 4; lastKnownFileType = sourcecode.c.objc; path = MTDealTools.m; sourceTree = "<group>"; };
		81193D581E0FA1F900612134 /* DPAPI.h */ = {isa = PBXFileReference; fileEncoding = 4; lastKnownFileType = sourcecode.c.h; path = DPAPI.h; sourceTree = "<group>"; };
		81193D591E0FA1F900612134 /* DPAPI.m */ = {isa = PBXFileReference; fileEncoding = 4; lastKnownFileType = sourcecode.c.objc; path = DPAPI.m; sourceTree = "<group>"; };
		81193D5A1E0FA1F900612134 /* DPConstants.h */ = {isa = PBXFileReference; fileEncoding = 4; lastKnownFileType = sourcecode.c.h; path = DPConstants.h; sourceTree = "<group>"; };
		81193D5B1E0FA1F900612134 /* DPRequest.h */ = {isa = PBXFileReference; fileEncoding = 4; lastKnownFileType = sourcecode.c.h; path = DPRequest.h; sourceTree = "<group>"; };
		81193D5C1E0FA1F900612134 /* DPRequest.m */ = {isa = PBXFileReference; fileEncoding = 4; lastKnownFileType = sourcecode.c.objc; path = DPRequest.m; sourceTree = "<group>"; };
		81193D5F1E0FA51900612134 /* MTDealModel.h */ = {isa = PBXFileReference; fileEncoding = 4; lastKnownFileType = sourcecode.c.h; path = MTDealModel.h; sourceTree = "<group>"; };
		81193D601E0FA51900612134 /* MTDealModel.m */ = {isa = PBXFileReference; fileEncoding = 4; lastKnownFileType = sourcecode.c.objc; path = MTDealModel.m; sourceTree = "<group>"; };
		814097B71E0A9BC9000FF54C /* MTCityModel.h */ = {isa = PBXFileReference; fileEncoding = 4; lastKnownFileType = sourcecode.c.h; path = MTCityModel.h; sourceTree = "<group>"; };
		814097B81E0A9BC9000FF54C /* MTCityModel.m */ = {isa = PBXFileReference; fileEncoding = 4; lastKnownFileType = sourcecode.c.objc; path = MTCityModel.m; sourceTree = "<group>"; };
		814097BA1E0AA94D000FF54C /* HMConst.h */ = {isa = PBXFileReference; fileEncoding = 4; lastKnownFileType = sourcecode.c.h; path = HMConst.h; sourceTree = "<group>"; };
		814097BB1E0AA94D000FF54C /* HMConst.m */ = {isa = PBXFileReference; fileEncoding = 4; lastKnownFileType = sourcecode.c.objc; path = HMConst.m; sourceTree = "<group>"; };
		814097BD1E0BB25E000FF54C /* MTDistrictModel.h */ = {isa = PBXFileReference; fileEncoding = 4; lastKnownFileType = sourcecode.c.h; path = MTDistrictModel.h; sourceTree = "<group>"; };
		814097BE1E0BB25E000FF54C /* MTDistrictModel.m */ = {isa = PBXFileReference; fileEncoding = 4; lastKnownFileType = sourcecode.c.objc; path = MTDistrictModel.m; sourceTree = "<group>"; };
		814097C01E0BCDF6000FF54C /* MTDropDownLeftCell.h */ = {isa = PBXFileReference; fileEncoding = 4; lastKnownFileType = sourcecode.c.h; path = MTDropDownLeftCell.h; sourceTree = "<group>"; };
		814097C11E0BCDF6000FF54C /* MTDropDownLeftCell.m */ = {isa = PBXFileReference; fileEncoding = 4; lastKnownFileType = sourcecode.c.objc; path = MTDropDownLeftCell.m; sourceTree = "<group>"; };
		814097C31E0BD0E1000FF54C /* MTDropDownRightCell.h */ = {isa = PBXFileReference; fileEncoding = 4; lastKnownFileType = sourcecode.c.h; path = MTDropDownRightCell.h; sourceTree = "<group>"; };
		814097C41E0BD0E1000FF54C /* MTDropDownRightCell.m */ = {isa = PBXFileReference; fileEncoding = 4; lastKnownFileType = sourcecode.c.objc; path = MTDropDownRightCell.m; sourceTree = "<group>"; };
		814097C61E0BFE0D000FF54C /* MTSortViewController.h */ = {isa = PBXFileReference; fileEncoding = 4; lastKnownFileType = sourcecode.c.h; path = MTSortViewController.h; sourceTree = "<group>"; };
		814097C71E0BFE0E000FF54C /* MTSortViewController.m */ = {isa = PBXFileReference; fileEncoding = 4; lastKnownFileType = sourcecode.c.objc; path = MTSortViewController.m; sourceTree = "<group>"; };
		814097C91E0BFF47000FF54C /* MTSortModel.h */ = {isa = PBXFileReference; fileEncoding = 4; lastKnownFileType = sourcecode.c.h; path = MTSortModel.h; sourceTree = "<group>"; };
		814097CA1E0BFF47000FF54C /* MTSortModel.m */ = {isa = PBXFileReference; fileEncoding = 4; lastKnownFileType = sourcecode.c.objc; path = MTSortModel.m; sourceTree = "<group>"; };
		814AB5D61E051CCC00BF863F /* MeiTuanHD.app */ = {isa = PBXFileReference; explicitFileType = wrapper.application; includeInIndex = 0; path = MeiTuanHD.app; sourceTree = BUILT_PRODUCTS_DIR; };
		814AB5DA1E051CCC00BF863F /* main.m */ = {isa = PBXFileReference; lastKnownFileType = sourcecode.c.objc; path = main.m; sourceTree = "<group>"; };
		814AB5DC1E051CCC00BF863F /* AppDelegate.h */ = {isa = PBXFileReference; lastKnownFileType = sourcecode.c.h; path = AppDelegate.h; sourceTree = "<group>"; };
		814AB5DD1E051CCC00BF863F /* AppDelegate.m */ = {isa = PBXFileReference; lastKnownFileType = sourcecode.c.objc; path = AppDelegate.m; sourceTree = "<group>"; };
		814AB5E51E051CCC00BF863F /* Assets.xcassets */ = {isa = PBXFileReference; lastKnownFileType = folder.assetcatalog; path = Assets.xcassets; sourceTree = "<group>"; };
		814AB5EA1E051CCC00BF863F /* Info.plist */ = {isa = PBXFileReference; lastKnownFileType = text.plist.xml; path = Info.plist; sourceTree = "<group>"; };
		814AB5FB1E051F9800BF863F /* MTHomeViewController.h */ = {isa = PBXFileReference; fileEncoding = 4; lastKnownFileType = sourcecode.c.h; path = MTHomeViewController.h; sourceTree = "<group>"; };
		814AB5FC1E051F9800BF863F /* MTHomeViewController.m */ = {isa = PBXFileReference; fileEncoding = 4; lastKnownFileType = sourcecode.c.objc; path = MTHomeViewController.m; sourceTree = "<group>"; };
		81593CE01E08655700E84987 /* MTHomeNavView.h */ = {isa = PBXFileReference; fileEncoding = 4; lastKnownFileType = sourcecode.c.h; path = MTHomeNavView.h; sourceTree = "<group>"; };
		81593CE11E08655700E84987 /* MTHomeNavView.m */ = {isa = PBXFileReference; fileEncoding = 4; lastKnownFileType = sourcecode.c.objc; path = MTHomeNavView.m; sourceTree = "<group>"; };
		81593CE31E08705700E84987 /* UIImage+MTCategory.h */ = {isa = PBXFileReference; fileEncoding = 4; lastKnownFileType = sourcecode.c.h; path = "UIImage+MTCategory.h"; sourceTree = "<group>"; };
		81593CE41E08705700E84987 /* UIImage+MTCategory.m */ = {isa = PBXFileReference; fileEncoding = 4; lastKnownFileType = sourcecode.c.objc; path = "UIImage+MTCategory.m"; sourceTree = "<group>"; };
		81B503391E098324008B03CF /* MTCitySearchResultViewController.h */ = {isa = PBXFileReference; fileEncoding = 4; lastKnownFileType = sourcecode.c.h; path = MTCitySearchResultViewController.h; sourceTree = "<group>"; };
		81B5033A1E098324008B03CF /* MTCitySearchResultViewController.m */ = {isa = PBXFileReference; fileEncoding = 4; lastKnownFileType = sourcecode.c.objc; path = MTCitySearchResultViewController.m; sourceTree = "<group>"; };
		81B848091E085BA500F9CA40 /* PrefixHeader.pch */ = {isa = PBXFileReference; lastKnownFileType = sourcecode.c.h; path = PrefixHeader.pch; sourceTree = "<group>"; };
		81B8480A1E085D4C00F9CA40 /* MTNavigationController.h */ = {isa = PBXFileReference; fileEncoding = 4; lastKnownFileType = sourcecode.c.h; path = MTNavigationController.h; sourceTree = "<group>"; };
		81B8480B1E085D4C00F9CA40 /* MTNavigationController.m */ = {isa = PBXFileReference; fileEncoding = 4; lastKnownFileType = sourcecode.c.objc; path = MTNavigationController.m; sourceTree = "<group>"; };
		81B8480D1E08604700F9CA40 /* UIBarButtonItem+MTCategory.h */ = {isa = PBXFileReference; fileEncoding = 4; lastKnownFileType = sourcecode.c.h; path = "UIBarButtonItem+MTCategory.h"; sourceTree = "<group>"; };
		81B8480E1E08604700F9CA40 /* UIBarButtonItem+MTCategory.m */ = {isa = PBXFileReference; fileEncoding = 4; lastKnownFileType = sourcecode.c.objc; path = "UIBarButtonItem+MTCategory.m"; sourceTree = "<group>"; };
		81B848101E0862CF00F9CA40 /* UIView+HMCategory.h */ = {isa = PBXFileReference; fileEncoding = 4; lastKnownFileType = sourcecode.c.h; path = "UIView+HMCategory.h"; sourceTree = "<group>"; };
		81B848111E0862CF00F9CA40 /* UIView+HMCategory.m */ = {isa = PBXFileReference; fileEncoding = 4; lastKnownFileType = sourcecode.c.objc; path = "UIView+HMCategory.m"; sourceTree = "<group>"; };
		81E8A9401E11421C00099A99 /* MTCenterLineLabel.h */ = {isa = PBXFileReference; fileEncoding = 4; lastKnownFileType = sourcecode.c.h; path = MTCenterLineLabel.h; sourceTree = "<group>"; };
		81E8A9411E11421C00099A99 /* MTCenterLineLabel.m */ = {isa = PBXFileReference; fileEncoding = 4; lastKnownFileType = sourcecode.c.objc; path = MTCenterLineLabel.m; sourceTree = "<group>"; };
		81EF3E211E153C4E00D53296 /* MTDetailViewController.h */ = {isa = PBXFileReference; fileEncoding = 4; lastKnownFileType = sourcecode.c.h; path = MTDetailViewController.h; sourceTree = "<group>"; };
		81EF3E221E153C4E00D53296 /* MTDetailViewController.m */ = {isa = PBXFileReference; fileEncoding = 4; lastKnownFileType = sourcecode.c.objc; path = MTDetailViewController.m; sourceTree = "<group>"; };
		81FCDD531E0D131400DBED73 /* MTDealCell.h */ = {isa = PBXFileReference; fileEncoding = 4; lastKnownFileType = sourcecode.c.h; path = MTDealCell.h; sourceTree = "<group>"; };
		81FCDD541E0D131400DBED73 /* MTDealCell.m */ = {isa = PBXFileReference; fileEncoding = 4; lastKnownFileType = sourcecode.c.objc; path = MTDealCell.m; sourceTree = "<group>"; };
		81FE96271E08DE480002258A /* MTCategoryViewController.h */ = {isa = PBXFileReference; fileEncoding = 4; lastKnownFileType = sourcecode.c.h; path = MTCategoryViewController.h; sourceTree = "<group>"; };
		81FE96281E08DE480002258A /* MTCategoryViewController.m */ = {isa = PBXFileReference; fileEncoding = 4; lastKnownFileType = sourcecode.c.objc; path = MTCategoryViewController.m; sourceTree = "<group>"; };
		81FE962A1E08DFC70002258A /* MTDropDownView.h */ = {isa = PBXFileReference; fileEncoding = 4; lastKnownFileType = sourcecode.c.h; path = MTDropDownView.h; sourceTree = "<group>"; };
		81FE962B1E08DFC70002258A /* MTDropDownView.m */ = {isa = PBXFileReference; fileEncoding = 4; lastKnownFileType = sourcecode.c.objc; path = MTDropDownView.m; sourceTree = "<group>"; };
		81FE962E1E08F06A0002258A /* categories.plist */ = {isa = PBXFileReference; fileEncoding = 4; lastKnownFileType = text.plist.xml; path = categories.plist; sourceTree = "<group>"; };
		81FE962F1E08F06A0002258A /* cities.plist */ = {isa = PBXFileReference; fileEncoding = 4; lastKnownFileType = text.plist.xml; path = cities.plist; sourceTree = "<group>"; };
		81FE96301E08F06A0002258A /* cityGroups.plist */ = {isa = PBXFileReference; fileEncoding = 4; lastKnownFileType = text.plist.xml; path = cityGroups.plist; sourceTree = "<group>"; };
		81FE96311E08F06A0002258A /* sorts.plist */ = {isa = PBXFileReference; fileEncoding = 4; lastKnownFileType = text.plist.xml; path = sorts.plist; sourceTree = "<group>"; };
		81FE96361E08F1490002258A /* MTCategoryModel.h */ = {isa = PBXFileReference; fileEncoding = 4; lastKnownFileType = sourcecode.c.h; path = MTCategoryModel.h; sourceTree = "<group>"; };
		81FE96371E08F1490002258A /* MTCategoryModel.m */ = {isa = PBXFileReference; fileEncoding = 4; lastKnownFileType = sourcecode.c.objc; path = MTCategoryModel.m; sourceTree = "<group>"; };
		81FE96391E091C620002258A /* MTDistrictViewController.h */ = {isa = PBXFileReference; fileEncoding = 4; lastKnownFileType = sourcecode.c.h; path = MTDistrictViewController.h; sourceTree = "<group>"; };
		81FE963A1E091C620002258A /* MTDistrictViewController.m */ = {isa = PBXFileReference; fileEncoding = 4; lastKnownFileType = sourcecode.c.objc; path = MTDistrictViewController.m; sourceTree = "<group>"; };
		81FE963C1E0923180002258A /* MTCityViewController.h */ = {isa = PBXFileReference; fileEncoding = 4; lastKnownFileType = sourcecode.c.h; path = MTCityViewController.h; sourceTree = "<group>"; };
		81FE963D1E0923180002258A /* MTCityViewController.m */ = {isa = PBXFileReference; fileEncoding = 4; lastKnownFileType = sourcecode.c.objc; path = MTCityViewController.m; sourceTree = "<group>"; };
		81FE963F1E094D2F0002258A /* MTCityGroupModel.h */ = {isa = PBXFileReference; fileEncoding = 4; lastKnownFileType = sourcecode.c.h; path = MTCityGroupModel.h; sourceTree = "<group>"; };
		81FE96401E094D2F0002258A /* MTCityGroupModel.m */ = {isa = PBXFileReference; fileEncoding = 4; lastKnownFileType = sourcecode.c.objc; path = MTCityGroupModel.m; sourceTree = "<group>"; };
		81FE96421E0950650002258A /* Foundation+Log.m */ = {isa = PBXFileReference; fileEncoding = 4; lastKnownFileType = sourcecode.c.objc; path = "Foundation+Log.m"; sourceTree = "<group>"; };
		A430A651A51F9281FB24E44B /* libPods-MeiTuanHD.a */ = {isa = PBXFileReference; explicitFileType = archive.ar; includeInIndex = 0; path = "libPods-MeiTuanHD.a"; sourceTree = BUILT_PRODUCTS_DIR; };
/* End PBXFileReference section */

/* Begin PBXFrameworksBuildPhase section */
		814AB5D31E051CCC00BF863F /* Frameworks */ = {
			isa = PBXFrameworksBuildPhase;
			buildActionMask = 2147483647;
			files = (
				A64EA7C0AE94EA33F5B28F63 /* libPods-MeiTuanHD.a in Frameworks */,
			);
			runOnlyForDeploymentPostprocessing = 0;
		};
/* End PBXFrameworksBuildPhase section */

/* Begin PBXGroup section */
		8101B98F1E141A9A006B787C /* AwesomeMenu */ = {
			isa = PBXGroup;
			children = (
				8101B9901E141A9A006B787C /* AwesomeMenu.h */,
				8101B9911E141A9A006B787C /* AwesomeMenu.m */,
				8101B9921E141A9A006B787C /* AwesomeMenuItem.h */,
				8101B9931E141A9A006B787C /* AwesomeMenuItem.m */,
			);
			path = AwesomeMenu;
			sourceTree = "<group>";
		};
		810213B61E1A4BC200AAE079 /* Collect */ = {
			isa = PBXGroup;
			children = (
				810213B71E1A4BC200AAE079 /* Controller */,
				810213B81E1A4BC200AAE079 /* Model */,
				810213B91E1A4BC200AAE079 /* View */,
			);
			path = Collect;
			sourceTree = "<group>";
		};
		810213B71E1A4BC200AAE079 /* Controller */ = {
			isa = PBXGroup;
			children = (
				810213BA1E1A4BEE00AAE079 /* MTCollectViewController.h */,
				810213BB1E1A4BEE00AAE079 /* MTCollectViewController.m */,
			);
			path = Controller;
			sourceTree = "<group>";
		};
		810213B81E1A4BC200AAE079 /* Model */ = {
			isa = PBXGroup;
			children = (
			);
			path = Model;
			sourceTree = "<group>";
		};
		810213B91E1A4BC200AAE079 /* View */ = {
			isa = PBXGroup;
			children = (
			);
			path = View;
			sourceTree = "<group>";
		};
		8108C9511E18EA5700136675 /* Search */ = {
			isa = PBXGroup;
			children = (
				8108C9521E18EA5700136675 /* Controller */,
				8108C9531E18EA5700136675 /* Model */,
				8108C9541E18EA5700136675 /* View */,
			);
			path = Search;
			sourceTree = "<group>";
		};
		8108C9521E18EA5700136675 /* Controller */ = {
			isa = PBXGroup;
			children = (
				8108C9551E18EA6F00136675 /* MTSearchViewController.h */,
				8108C9561E18EA6F00136675 /* MTSearchViewController.m */,
			);
			path = Controller;
			sourceTree = "<group>";
		};
		8108C9531E18EA5700136675 /* Model */ = {
			isa = PBXGroup;
			children = (
			);
			path = Model;
			sourceTree = "<group>";
		};
		8108C9541E18EA5700136675 /* View */ = {
			isa = PBXGroup;
			children = (
			);
			path = View;
			sourceTree = "<group>";
		};
		81193D571E0FA1F900612134 /* dianpingapi */ = {
			isa = PBXGroup;
			children = (
				81193D581E0FA1F900612134 /* DPAPI.h */,
				81193D591E0FA1F900612134 /* DPAPI.m */,
				81193D5A1E0FA1F900612134 /* DPConstants.h */,
				81193D5B1E0FA1F900612134 /* DPRequest.h */,
				81193D5C1E0FA1F900612134 /* DPRequest.m */,
			);
			path = dianpingapi;
			sourceTree = "<group>";
		};
		814AB5CD1E051CCC00BF863F = {
			isa = PBXGroup;
			children = (
				814AB5D81E051CCC00BF863F /* MeiTuanHD */,
				814AB5D71E051CCC00BF863F /* Products */,
				D6411A5C7FCCA45FED018E45 /* Pods */,
				988052DE8C557C2B563E37E6 /* Frameworks */,
			);
			sourceTree = "<group>";
		};
		814AB5D71E051CCC00BF863F /* Products */ = {
			isa = PBXGroup;
			children = (
				814AB5D61E051CCC00BF863F /* MeiTuanHD.app */,
			);
			name = Products;
			sourceTree = "<group>";
		};
		814AB5D81E051CCC00BF863F /* MeiTuanHD */ = {
			isa = PBXGroup;
			children = (
				814AB5F01E051EFD00BF863F /* Classes */,
				814AB5DC1E051CCC00BF863F /* AppDelegate.h */,
				814AB5DD1E051CCC00BF863F /* AppDelegate.m */,
				814AB5E51E051CCC00BF863F /* Assets.xcassets */,
				814AB5EA1E051CCC00BF863F /* Info.plist */,
				814AB5D91E051CCC00BF863F /* Supporting Files */,
				81B848091E085BA500F9CA40 /* PrefixHeader.pch */,
				810213B41E1A35C600AAE079 /* db.sql */,
				81FE962D1E08F06A0002258A /* Plist */,
			);
			path = MeiTuanHD;
			sourceTree = "<group>";
		};
		814AB5D91E051CCC00BF863F /* Supporting Files */ = {
			isa = PBXGroup;
			children = (
				814AB5DA1E051CCC00BF863F /* main.m */,
			);
			name = "Supporting Files";
			sourceTree = "<group>";
		};
		814AB5F01E051EFD00BF863F /* Classes */ = {
			isa = PBXGroup;
			children = (
				810213B61E1A4BC200AAE079 /* Collect */,
				8108C9511E18EA5700136675 /* Search */,
				81EF3E1D1E153C3200D53296 /* Detail */,
				814AB5F51E051EFD00BF863F /* Main */,
				814AB5F11E051EFD00BF863F /* Home */,
			);
			path = Classes;
			sourceTree = "<group>";
		};
		814AB5F11E051EFD00BF863F /* Home */ = {
			isa = PBXGroup;
			children = (
				814AB5F21E051EFD00BF863F /* Controller */,
				814AB5F31E051EFD00BF863F /* Model */,
				814AB5F41E051EFD00BF863F /* View */,
			);
			path = Home;
			sourceTree = "<group>";
		};
		814AB5F21E051EFD00BF863F /* Controller */ = {
			isa = PBXGroup;
			children = (
				814AB5FB1E051F9800BF863F /* MTHomeViewController.h */,
				814AB5FC1E051F9800BF863F /* MTHomeViewController.m */,
				81FE96271E08DE480002258A /* MTCategoryViewController.h */,
				81FE96281E08DE480002258A /* MTCategoryViewController.m */,
				81FE96391E091C620002258A /* MTDistrictViewController.h */,
				81FE963A1E091C620002258A /* MTDistrictViewController.m */,
				81FE963C1E0923180002258A /* MTCityViewController.h */,
				81FE963D1E0923180002258A /* MTCityViewController.m */,
				81B503391E098324008B03CF /* MTCitySearchResultViewController.h */,
				81B5033A1E098324008B03CF /* MTCitySearchResultViewController.m */,
				814097C61E0BFE0D000FF54C /* MTSortViewController.h */,
				814097C71E0BFE0E000FF54C /* MTSortViewController.m */,
			);
			path = Controller;
			sourceTree = "<group>";
		};
		814AB5F31E051EFD00BF863F /* Model */ = {
			isa = PBXGroup;
			children = (
				81FE96361E08F1490002258A /* MTCategoryModel.h */,
				81FE96371E08F1490002258A /* MTCategoryModel.m */,
				81FE963F1E094D2F0002258A /* MTCityGroupModel.h */,
				81FE96401E094D2F0002258A /* MTCityGroupModel.m */,
				814097B71E0A9BC9000FF54C /* MTCityModel.h */,
				814097B81E0A9BC9000FF54C /* MTCityModel.m */,
				814097BD1E0BB25E000FF54C /* MTDistrictModel.h */,
				814097BE1E0BB25E000FF54C /* MTDistrictModel.m */,
				814097C91E0BFF47000FF54C /* MTSortModel.h */,
				814097CA1E0BFF47000FF54C /* MTSortModel.m */,
				81193D5F1E0FA51900612134 /* MTDealModel.h */,
				81193D601E0FA51900612134 /* MTDealModel.m */,
			);
			path = Model;
			sourceTree = "<group>";
		};
		814AB5F41E051EFD00BF863F /* View */ = {
			isa = PBXGroup;
			children = (
				81593CE01E08655700E84987 /* MTHomeNavView.h */,
				81593CE11E08655700E84987 /* MTHomeNavView.m */,
				81FE962A1E08DFC70002258A /* MTDropDownView.h */,
				81FE962B1E08DFC70002258A /* MTDropDownView.m */,
				814097C01E0BCDF6000FF54C /* MTDropDownLeftCell.h */,
				814097C11E0BCDF6000FF54C /* MTDropDownLeftCell.m */,
				814097C31E0BD0E1000FF54C /* MTDropDownRightCell.h */,
				814097C41E0BD0E1000FF54C /* MTDropDownRightCell.m */,
				81FCDD531E0D131400DBED73 /* MTDealCell.h */,
				81FCDD541E0D131400DBED73 /* MTDealCell.m */,
				81E8A9401E11421C00099A99 /* MTCenterLineLabel.h */,
				81E8A9411E11421C00099A99 /* MTCenterLineLabel.m */,
			);
			path = View;
			sourceTree = "<group>";
		};
		814AB5F51E051EFD00BF863F /* Main */ = {
			isa = PBXGroup;
			children = (
				814AB5F61E051EFD00BF863F /* Base */,
				814AB5F71E051EFD00BF863F /* Category */,
				814AB5F81E051EFD00BF863F /* Common */,
				814AB5F91E051EFD00BF863F /* Libs */,
				814AB5FA1E051EFD00BF863F /* Tools */,
			);
			path = Main;
			sourceTree = "<group>";
		};
		814AB5F61E051EFD00BF863F /* Base */ = {
			isa = PBXGroup;
			children = (
				81B8480A1E085D4C00F9CA40 /* MTNavigationController.h */,
				81B8480B1E085D4C00F9CA40 /* MTNavigationController.m */,
				8108C9581E18F70700136675 /* MTBaseViewController.h */,
				8108C9591E18F70700136675 /* MTBaseViewController.m */,
			);
			path = Base;
			sourceTree = "<group>";
		};
		814AB5F71E051EFD00BF863F /* Category */ = {
			isa = PBXGroup;
			children = (
				81B8480D1E08604700F9CA40 /* UIBarButtonItem+MTCategory.h */,
				81B8480E1E08604700F9CA40 /* UIBarButtonItem+MTCategory.m */,
				81B848101E0862CF00F9CA40 /* UIView+HMCategory.h */,
				81B848111E0862CF00F9CA40 /* UIView+HMCategory.m */,
				81593CE31E08705700E84987 /* UIImage+MTCategory.h */,
				81593CE41E08705700E84987 /* UIImage+MTCategory.m */,
			);
			path = Category;
			sourceTree = "<group>";
		};
		814AB5F81E051EFD00BF863F /* Common */ = {
			isa = PBXGroup;
			children = (
				81FE96421E0950650002258A /* Foundation+Log.m */,
				814097BA1E0AA94D000FF54C /* HMConst.h */,
				814097BB1E0AA94D000FF54C /* HMConst.m */,
			);
			path = Common;
			sourceTree = "<group>";
		};
		814AB5F91E051EFD00BF863F /* Libs */ = {
			isa = PBXGroup;
			children = (
				8101B98F1E141A9A006B787C /* AwesomeMenu */,
				81193D571E0FA1F900612134 /* dianpingapi */,
			);
			path = Libs;
			sourceTree = "<group>";
		};
		814AB5FA1E051EFD00BF863F /* Tools */ = {
			isa = PBXGroup;
			children = (
				8108C95B1E1920DE00136675 /* MTDealTools.h */,
				8108C95C1E1920DE00136675 /* MTDealTools.m */,
			);
			path = Tools;
			sourceTree = "<group>";
		};
		81EF3E1D1E153C3200D53296 /* Detail */ = {
			isa = PBXGroup;
			children = (
				81EF3E1E1E153C3200D53296 /* Controller */,
				81EF3E1F1E153C3200D53296 /* Model */,
				81EF3E201E153C3200D53296 /* View */,
			);
			path = Detail;
			sourceTree = "<group>";
		};
		81EF3E1E1E153C3200D53296 /* Controller */ = {
			isa = PBXGroup;
			children = (
				81EF3E211E153C4E00D53296 /* MTDetailViewController.h */,
				81EF3E221E153C4E00D53296 /* MTDetailViewController.m */,
			);
			path = Controller;
			sourceTree = "<group>";
		};
		81EF3E1F1E153C3200D53296 /* Model */ = {
			isa = PBXGroup;
			children = (
				8108C94E1E18D46900136675 /* MTRestrictionsModel.h */,
				8108C94F1E18D46900136675 /* MTRestrictionsModel.m */,
			);
			path = Model;
			sourceTree = "<group>";
		};
		81EF3E201E153C3200D53296 /* View */ = {
			isa = PBXGroup;
			children = (
				810611601E16B41C00B3D3E4 /* MTDetailNavView.h */,
				810611611E16B41C00B3D3E4 /* MTDetailNavView.m */,
				810611631E16B87D00B3D3E4 /* MTDetailCenterView.h */,
				810611641E16B87D00B3D3E4 /* MTDetailCenterView.m */,
				810611661E16BEC600B3D3E4 /* MTDetailBottomView.h */,
				810611671E16BEC600B3D3E4 /* MTDetailBottomView.m */,
			);
			path = View;
			sourceTree = "<group>";
		};
		81FE962D1E08F06A0002258A /* Plist */ = {
			isa = PBXGroup;
			children = (
				81FE962E1E08F06A0002258A /* categories.plist */,
				81FE962F1E08F06A0002258A /* cities.plist */,
				81FE96301E08F06A0002258A /* cityGroups.plist */,
				81FE96311E08F06A0002258A /* sorts.plist */,
			);
			name = Plist;
			path = ../Plist;
			sourceTree = "<group>";
		};
		988052DE8C557C2B563E37E6 /* Frameworks */ = {
			isa = PBXGroup;
			children = (
				A430A651A51F9281FB24E44B /* libPods-MeiTuanHD.a */,
			);
			name = Frameworks;
			sourceTree = "<group>";
		};
		D6411A5C7FCCA45FED018E45 /* Pods */ = {
			isa = PBXGroup;
			children = (
				36EBD786ED5543620D95FDA2 /* Pods-MeiTuanHD.debug.xcconfig */,
				232BB47BEE379D28E434F1D1 /* Pods-MeiTuanHD.release.xcconfig */,
			);
			name = Pods;
			sourceTree = "<group>";
		};
/* End PBXGroup section */

/* Begin PBXNativeTarget section */
		814AB5D51E051CCC00BF863F /* MeiTuanHD */ = {
			isa = PBXNativeTarget;
			buildConfigurationList = 814AB5ED1E051CCC00BF863F /* Build configuration list for PBXNativeTarget "MeiTuanHD" */;
			buildPhases = (
				7F6933BF23ADE25FE09522E0 /* [CP] Check Pods Manifest.lock */,
				814AB5D21E051CCC00BF863F /* Sources */,
				814AB5D31E051CCC00BF863F /* Frameworks */,
				814AB5D41E051CCC00BF863F /* Resources */,
				049FFD0E91F11253FFFB5923 /* [CP] Embed Pods Frameworks */,
				E8820604AF53DAA4F00C946B /* [CP] Copy Pods Resources */,
			);
			buildRules = (
			);
			dependencies = (
			);
			name = MeiTuanHD;
			productName = MeiTuanHD;
			productReference = 814AB5D61E051CCC00BF863F /* MeiTuanHD.app */;
			productType = "com.apple.product-type.application";
		};
/* End PBXNativeTarget section */

/* Begin PBXProject section */
		814AB5CE1E051CCC00BF863F /* Project object */ = {
			isa = PBXProject;
			attributes = {
				CLASSPREFIX = MT;
				LastUpgradeCheck = 0810;
				ORGANIZATIONNAME = DXY;
				TargetAttributes = {
					814AB5D51E051CCC00BF863F = {
						CreatedOnToolsVersion = 8.1;
						ProvisioningStyle = Automatic;
					};
				};
			};
			buildConfigurationList = 814AB5D11E051CCC00BF863F /* Build configuration list for PBXProject "MeiTuanHD" */;
			compatibilityVersion = "Xcode 3.2";
			developmentRegion = English;
			hasScannedForEncodings = 0;
			knownRegions = (
				en,
				Base,
			);
			mainGroup = 814AB5CD1E051CCC00BF863F;
			productRefGroup = 814AB5D71E051CCC00BF863F /* Products */;
			projectDirPath = "";
			projectRoot = "";
			targets = (
				814AB5D51E051CCC00BF863F /* MeiTuanHD */,
			);
		};
/* End PBXProject section */

/* Begin PBXResourcesBuildPhase section */
		814AB5D41E051CCC00BF863F /* Resources */ = {
			isa = PBXResourcesBuildPhase;
			buildActionMask = 2147483647;
			files = (
				81FE96331E08F06A0002258A /* cities.plist in Resources */,
				81FE96321E08F06A0002258A /* categories.plist in Resources */,
				81FE96351E08F06A0002258A /* sorts.plist in Resources */,
				814AB5E61E051CCC00BF863F /* Assets.xcassets in Resources */,
				810213B51E1A35C600AAE079 /* db.sql in Resources */,
				81FE96341E08F06A0002258A /* cityGroups.plist in Resources */,
			);
			runOnlyForDeploymentPostprocessing = 0;
		};
/* End PBXResourcesBuildPhase section */

/* Begin PBXShellScriptBuildPhase section */
		049FFD0E91F11253FFFB5923 /* [CP] Embed Pods Frameworks */ = {
			isa = PBXShellScriptBuildPhase;
			buildActionMask = 2147483647;
			files = (
			);
			inputPaths = (
			);
			name = "[CP] Embed Pods Frameworks";
			outputPaths = (
			);
			runOnlyForDeploymentPostprocessing = 0;
			shellPath = /bin/sh;
			shellScript = "\"${SRCROOT}/Pods/Target Support Files/Pods-MeiTuanHD/Pods-MeiTuanHD-frameworks.sh\"\n";
			showEnvVarsInLog = 0;
		};
		7F6933BF23ADE25FE09522E0 /* [CP] Check Pods Manifest.lock */ = {
			isa = PBXShellScriptBuildPhase;
			buildActionMask = 2147483647;
			files = (
			);
			inputPaths = (
			);
			name = "[CP] Check Pods Manifest.lock";
			outputPaths = (
			);
			runOnlyForDeploymentPostprocessing = 0;
			shellPath = /bin/sh;
			shellScript = "diff \"${PODS_ROOT}/../Podfile.lock\" \"${PODS_ROOT}/Manifest.lock\" > /dev/null\nif [ $? != 0 ] ; then\n    # print error to STDERR\n    echo \"error: The sandbox is not in sync with the Podfile.lock. Run 'pod install' or update your CocoaPods installation.\" >&2\n    exit 1\nfi\n";
			showEnvVarsInLog = 0;
		};
		E8820604AF53DAA4F00C946B /* [CP] Copy Pods Resources */ = {
			isa = PBXShellScriptBuildPhase;
			buildActionMask = 2147483647;
			files = (
			);
			inputPaths = (
			);
			name = "[CP] Copy Pods Resources";
			outputPaths = (
			);
			runOnlyForDeploymentPostprocessing = 0;
			shellPath = /bin/sh;
			shellScript = "\"${SRCROOT}/Pods/Target Support Files/Pods-MeiTuanHD/Pods-MeiTuanHD-resources.sh\"\n";
			showEnvVarsInLog = 0;
		};
/* End PBXShellScriptBuildPhase section */

/* Begin PBXSourcesBuildPhase section */
		814AB5D21E051CCC00BF863F /* Sources */ = {
			isa = PBXSourcesBuildPhase;
			buildActionMask = 2147483647;
			files = (
				810611621E16B41C00B3D3E4 /* MTDetailNavView.m in Sources */,
				810611681E16BEC600B3D3E4 /* MTDetailBottomView.m in Sources */,
				81FE96291E08DE480002258A /* MTCategoryViewController.m in Sources */,
				8101B9951E141A9A006B787C /* AwesomeMenuItem.m in Sources */,
				81B8480F1E08604700F9CA40 /* UIBarButtonItem+MTCategory.m in Sources */,
				81B848121E0862CF00F9CA40 /* UIView+HMCategory.m in Sources */,
				814097BF1E0BB25E000FF54C /* MTDistrictModel.m in Sources */,
				81FE96411E094D2F0002258A /* MTCityGroupModel.m in Sources */,
				81FE96381E08F1490002258A /* MTCategoryModel.m in Sources */,
				81FCDD551E0D131400DBED73 /* MTDealCell.m in Sources */,
				8108C9501E18D46900136675 /* MTRestrictionsModel.m in Sources */,
				81593CE51E08705700E84987 /* UIImage+MTCategory.m in Sources */,
				8108C95A1E18F70700136675 /* MTBaseViewController.m in Sources */,
				81193D611E0FA51900612134 /* MTDealModel.m in Sources */,
				8101B9941E141A9A006B787C /* AwesomeMenu.m in Sources */,
				810611651E16B87D00B3D3E4 /* MTDetailCenterView.m in Sources */,
				814097BC1E0AA94D000FF54C /* HMConst.m in Sources */,
				81593CE21E08655700E84987 /* MTHomeNavView.m in Sources */,
				81B5033B1E098324008B03CF /* MTCitySearchResultViewController.m in Sources */,
				814097C51E0BD0E1000FF54C /* MTDropDownRightCell.m in Sources */,
				814097B91E0A9BC9000FF54C /* MTCityModel.m in Sources */,
				81FE963E1E0923180002258A /* MTCityViewController.m in Sources */,
				814097CB1E0BFF47000FF54C /* MTSortModel.m in Sources */,
				81193D5D1E0FA1F900612134 /* DPAPI.m in Sources */,
				814097C21E0BCDF6000FF54C /* MTDropDownLeftCell.m in Sources */,
				81193D5E1E0FA1F900612134 /* DPRequest.m in Sources */,
				8108C9571E18EA6F00136675 /* MTSearchViewController.m in Sources */,
				81B8480C1E085D4C00F9CA40 /* MTNavigationController.m in Sources */,
				81E8A9421E11421C00099A99 /* MTCenterLineLabel.m in Sources */,
				81FE963B1E091C620002258A /* MTDistrictViewController.m in Sources */,
				8108C95D1E1920DE00136675 /* MTDealTools.m in Sources */,
				814AB5FD1E051F9800BF863F /* MTHomeViewController.m in Sources */,
				81EF3E231E153C4E00D53296 /* MTDetailViewController.m in Sources */,
				81FE96431E0950650002258A /* Foundation+Log.m in Sources */,
				814AB5DB1E051CCC00BF863F /* main.m in Sources */,
				81FE962C1E08DFC70002258A /* MTDropDownView.m in Sources */,
				81B848081E08572100F9CA40 /* AppDelegate.m in Sources */,
				810213BC1E1A4BEE00AAE079 /* MTCollectViewController.m in Sources */,
				814097C81E0BFE0E000FF54C /* MTSortViewController.m in Sources */,
			);
			runOnlyForDeploymentPostprocessing = 0;
		};
/* End PBXSourcesBuildPhase section */

/* Begin XCBuildConfiguration section */
		814AB5EB1E051CCC00BF863F /* Debug */ = {
			isa = XCBuildConfiguration;
			buildSettings = {
				ALWAYS_SEARCH_USER_PATHS = NO;
				CLANG_ANALYZER_NONNULL = YES;
				CLANG_CXX_LANGUAGE_STANDARD = "gnu++0x";
				CLANG_CXX_LIBRARY = "libc++";
				CLANG_ENABLE_MODULES = YES;
				CLANG_ENABLE_OBJC_ARC = YES;
				CLANG_WARN_BOOL_CONVERSION = YES;
				CLANG_WARN_CONSTANT_CONVERSION = YES;
				CLANG_WARN_DIRECT_OBJC_ISA_USAGE = YES_ERROR;
				CLANG_WARN_DOCUMENTATION_COMMENTS = YES;
				CLANG_WARN_EMPTY_BODY = YES;
				CLANG_WARN_ENUM_CONVERSION = YES;
				CLANG_WARN_INFINITE_RECURSION = YES;
				CLANG_WARN_INT_CONVERSION = YES;
				CLANG_WARN_OBJC_ROOT_CLASS = YES_ERROR;
				CLANG_WARN_SUSPICIOUS_MOVES = YES;
				CLANG_WARN_UNREACHABLE_CODE = YES;
				CLANG_WARN__DUPLICATE_METHOD_MATCH = YES;
				"CODE_SIGN_IDENTITY[sdk=iphoneos*]" = "iPhone Developer";
				COPY_PHASE_STRIP = NO;
				DEBUG_INFORMATION_FORMAT = dwarf;
				ENABLE_STRICT_OBJC_MSGSEND = YES;
				ENABLE_TESTABILITY = YES;
				GCC_C_LANGUAGE_STANDARD = gnu99;
				GCC_DYNAMIC_NO_PIC = NO;
				GCC_NO_COMMON_BLOCKS = YES;
				GCC_OPTIMIZATION_LEVEL = 0;
				GCC_PREPROCESSOR_DEFINITIONS = (
					"DEBUG=1",
					"$(inherited)",
				);
				GCC_WARN_64_TO_32_BIT_CONVERSION = YES;
				GCC_WARN_ABOUT_RETURN_TYPE = YES_ERROR;
				GCC_WARN_UNDECLARED_SELECTOR = YES;
				GCC_WARN_UNINITIALIZED_AUTOS = YES_AGGRESSIVE;
				GCC_WARN_UNUSED_FUNCTION = YES;
				GCC_WARN_UNUSED_VARIABLE = YES;
				IPHONEOS_DEPLOYMENT_TARGET = 10.1;
				MTL_ENABLE_DEBUG_INFO = YES;
				ONLY_ACTIVE_ARCH = YES;
				SDKROOT = iphoneos;
				TARGETED_DEVICE_FAMILY = 2;
			};
			name = Debug;
		};
		814AB5EC1E051CCC00BF863F /* Release */ = {
			isa = XCBuildConfiguration;
			buildSettings = {
				ALWAYS_SEARCH_USER_PATHS = NO;
				CLANG_ANALYZER_NONNULL = YES;
				CLANG_CXX_LANGUAGE_STANDARD = "gnu++0x";
				CLANG_CXX_LIBRARY = "libc++";
				CLANG_ENABLE_MODULES = YES;
				CLANG_ENABLE_OBJC_ARC = YES;
				CLANG_WARN_BOOL_CONVERSION = YES;
				CLANG_WARN_CONSTANT_CONVERSION = YES;
				CLANG_WARN_DIRECT_OBJC_ISA_USAGE = YES_ERROR;
				CLANG_WARN_DOCUMENTATION_COMMENTS = YES;
				CLANG_WARN_EMPTY_BODY = YES;
				CLANG_WARN_ENUM_CONVERSION = YES;
				CLANG_WARN_INFINITE_RECURSION = YES;
				CLANG_WARN_INT_CONVERSION = YES;
				CLANG_WARN_OBJC_ROOT_CLASS = YES_ERROR;
				CLANG_WARN_SUSPICIOUS_MOVES = YES;
				CLANG_WARN_UNREACHABLE_CODE = YES;
				CLANG_WARN__DUPLICATE_METHOD_MATCH = YES;
				"CODE_SIGN_IDENTITY[sdk=iphoneos*]" = "iPhone Developer";
				COPY_PHASE_STRIP = NO;
				DEBUG_INFORMATION_FORMAT = "dwarf-with-dsym";
				ENABLE_NS_ASSERTIONS = NO;
				ENABLE_STRICT_OBJC_MSGSEND = YES;
				GCC_C_LANGUAGE_STANDARD = gnu99;
				GCC_NO_COMMON_BLOCKS = YES;
				GCC_WARN_64_TO_32_BIT_CONVERSION = YES;
				GCC_WARN_ABOUT_RETURN_TYPE = YES_ERROR;
				GCC_WARN_UNDECLARED_SELECTOR = YES;
				GCC_WARN_UNINITIALIZED_AUTOS = YES_AGGRESSIVE;
				GCC_WARN_UNUSED_FUNCTION = YES;
				GCC_WARN_UNUSED_VARIABLE = YES;
				IPHONEOS_DEPLOYMENT_TARGET = 10.1;
				MTL_ENABLE_DEBUG_INFO = NO;
				SDKROOT = iphoneos;
				TARGETED_DEVICE_FAMILY = 2;
				VALIDATE_PRODUCT = YES;
			};
			name = Release;
		};
		814AB5EE1E051CCC00BF863F /* Debug */ = {
			isa = XCBuildConfiguration;
			baseConfigurationReference = 36EBD786ED5543620D95FDA2 /* Pods-MeiTuanHD.debug.xcconfig */;
			buildSettings = {
				ASSETCATALOG_COMPILER_APPICON_NAME = AppIcon;
				ASSETCATALOG_COMPILER_LAUNCHIMAGE_NAME = LaunchImage;
				GCC_PREFIX_HEADER = MeiTuanHD/PrefixHeader.pch;
				INFOPLIST_FILE = MeiTuanHD/Info.plist;
				IPHONEOS_DEPLOYMENT_TARGET = 9.0;
				LD_RUNPATH_SEARCH_PATHS = "$(inherited) @executable_path/Frameworks";
				PRODUCT_BUNDLE_IDENTIFIER = DXY.MeiTuanHD;
				PRODUCT_NAME = "$(TARGET_NAME)";
				TARGETED_DEVICE_FAMILY = 2;
			};
			name = Debug;
		};
		814AB5EF1E051CCC00BF863F /* Release */ = {
			isa = XCBuildConfiguration;
			baseConfigurationReference = 232BB47BEE379D28E434F1D1 /* Pods-MeiTuanHD.release.xcconfig */;
			buildSettings = {
				ASSETCATALOG_COMPILER_APPICON_NAME = AppIcon;
				ASSETCATALOG_COMPILER_LAUNCHIMAGE_NAME = LaunchImage;
				GCC_PREFIX_HEADER = MeiTuanHD/PrefixHeader.pch;
				INFOPLIST_FILE = MeiTuanHD/Info.plist;
				IPHONEOS_DEPLOYMENT_TARGET = 9.0;
				LD_RUNPATH_SEARCH_PATHS = "$(inherited) @executable_path/Frameworks";
				PRODUCT_BUNDLE_IDENTIFIER = DXY.MeiTuanHD;
				PRODUCT_NAME = "$(TARGET_NAME)";
				TARGETED_DEVICE_FAMILY = 2;
			};
			name = Release;
		};
/* End XCBuildConfiguration section */

/* Begin XCConfigurationList section */
		814AB5D11E051CCC00BF863F /* Build configuration list for PBXProject "MeiTuanHD" */ = {
			isa = XCConfigurationList;
			buildConfigurations = (
				814AB5EB1E051CCC00BF863F /* Debug */,
				814AB5EC1E051CCC00BF863F /* Release */,
			);
			defaultConfigurationIsVisible = 0;
			defaultConfigurationName = Release;
		};
		814AB5ED1E051CCC00BF863F /* Build configuration list for PBXNativeTarget "MeiTuanHD" */ = {
			isa = XCConfigurationList;
			buildConfigurations = (
				814AB5EE1E051CCC00BF863F /* Debug */,
				814AB5EF1E051CCC00BF863F /* Release */,
			);
			defaultConfigurationIsVisible = 0;
			defaultConfigurationName = Release;
		};
/* End XCConfigurationList section */
	};
	rootObject = 814AB5CE1E051CCC00BF863F /* Project object */;
}
